
Microsoft Visual Studio Solution File, Format Version 12.00
# Visual Studio Version 17
VisualStudioVersion = 17.7.34024.191
MinimumVisualStudioVersion = 10.0.40219.1
Project("{FAE04EC0-301F-11D3-BF4B-00C04F79EFBC}") = "ManejoDeSensoresC#", "ManejoDeSensoresC#\ManejoDeSensoresC#.csproj", "{4F335B06-CAE2-42F9-8874-FFDD5871363B}"
EndProject
Global
	GlobalSection(SolutionConfigurationPlatforms) = preSolution
		Debug|Any CPU = Debug|Any CPU
		Release|Any CPU = Release|Any CPU
	EndGlobalSection
	GlobalSection(ProjectConfigurationPlatforms) = postSolution
		{4F335B06-CAE2-42F9-8874-FFDD5871363B}.Debug|Any CPU.ActiveCfg = Debug|Any CPU
		{4F335B06-CAE2-42F9-8874-FFDD5871363B}.Debug|Any CPU.Build.0 = Debug|Any CPU
		{4F335B06-CAE2-42F9-8874-FFDD5871363B}.Release|Any CPU.ActiveCfg = Release|Any CPU
		{4F335B06-CAE2-42F9-8874-FFDD5871363B}.Release|Any CPU.Build.0 = Release|Any CPU
	EndGlobalSection
	GlobalSection(SolutionProperties) = preSolution
		HideSolutionNode = FALSE
	EndGlobalSection
	GlobalSection(ExtensibilityGlobals) = postSolution
		SolutionGuid = {17939498-CB6E-4E80-A934-F9E3ED1E5C61}
	EndGlobalSection
EndGlobal
